
Microsoft Visual Studio Solution File, Format Version 12.00
# Visual Studio Version 16
VisualStudioVersion = 16.0.31321.278
MinimumVisualStudioVersion = 10.0.40219.1
Project("{FAE04EC0-301F-11D3-BF4B-00C04F79EFBC}") = "RestaurantsDetailsWebApp", "ResturantDetailsWebApp\RestaurantsDetailsWebApp.csproj", "{24ED7542-BDC7-4B8D-9E08-85E812F087F0}"
EndProject
Project("{FAE04EC0-301F-11D3-BF4B-00C04F79EFBC}") = "ResturantDetailsWebApp.BL", "ResturantDetailsWebApp.Core\ResturantDetailsWebApp.BL.csproj", "{04637E9C-EEDC-4B5E-96F5-BF9B4E678F9A}"
EndProject
Project("{FAE04EC0-301F-11D3-BF4B-00C04F79EFBC}") = "ResturantDetailsWebApp.DL", "ResturantDetailsWebApp.DL\ResturantDetailsWebApp.DL.csproj", "{07B57BFC-60E0-414C-80C1-04A17D26B1F5}"
EndProject
Global
	GlobalSection(SolutionConfigurationPlatforms) = preSolution
		Debug|Any CPU = Debug|Any CPU
		Release|Any CPU = Release|Any CPU
	EndGlobalSection
	GlobalSection(ProjectConfigurationPlatforms) = postSolution
		{24ED7542-BDC7-4B8D-9E08-85E812F087F0}.Debug|Any CPU.ActiveCfg = Debug|Any CPU
		{24ED7542-BDC7-4B8D-9E08-85E812F087F0}.Debug|Any CPU.Build.0 = Debug|Any CPU
		{24ED7542-BDC7-4B8D-9E08-85E812F087F0}.Release|Any CPU.ActiveCfg = Release|Any CPU
		{24ED7542-BDC7-4B8D-9E08-85E812F087F0}.Release|Any CPU.Build.0 = Release|Any CPU
		{04637E9C-EEDC-4B5E-96F5-BF9B4E678F9A}.Debug|Any CPU.ActiveCfg = Debug|Any CPU
		{04637E9C-EEDC-4B5E-96F5-BF9B4E678F9A}.Debug|Any CPU.Build.0 = Debug|Any CPU
		{04637E9C-EEDC-4B5E-96F5-BF9B4E678F9A}.Release|Any CPU.ActiveCfg = Release|Any CPU
		{04637E9C-EEDC-4B5E-96F5-BF9B4E678F9A}.Release|Any CPU.Build.0 = Release|Any CPU
		{07B57BFC-60E0-414C-80C1-04A17D26B1F5}.Debug|Any CPU.ActiveCfg = Debug|Any CPU
		{07B57BFC-60E0-414C-80C1-04A17D26B1F5}.Debug|Any CPU.Build.0 = Debug|Any CPU
		{07B57BFC-60E0-414C-80C1-04A17D26B1F5}.Release|Any CPU.ActiveCfg = Release|Any CPU
		{07B57BFC-60E0-414C-80C1-04A17D26B1F5}.Release|Any CPU.Build.0 = Release|Any CPU
	EndGlobalSection
	GlobalSection(SolutionProperties) = preSolution
		HideSolutionNode = FALSE
	EndGlobalSection
	GlobalSection(ExtensibilityGlobals) = postSolution
		SolutionGuid = {84B26418-A0A7-4582-8993-1858528AF3FE}
	EndGlobalSection
EndGlobal
